
Microsoft Visual Studio Solution File, Format Version 12.00
# Visual Studio 2013
VisualStudioVersion = 12.0.31101.0
MinimumVisualStudioVersion = 10.0.40219.1
Project("{2150E333-8FDC-42A3-9474-1A3956D46DE8}") = "Shapes", "Shapes", "{7B8A5FB4-6CB3-40CC-B923-92863A157C89}"
EndProject
Project("{FAE04EC0-301F-11D3-BF4B-00C04F79EFBC}") = "Shape", "Shape\Shape.csproj", "{0C117446-6992-46B1-8036-B0DAA52EA175}"
EndProject
Project("{2150E333-8FDC-42A3-9474-1A3956D46DE8}") = "BankAccounts", "BankAccounts", "{2A8FAC8E-425B-49E1-9083-E65F44D1400F}"
EndProject
Project("{FAE04EC0-301F-11D3-BF4B-00C04F79EFBC}") = "Bank", "Bank\Bank.csproj", "{A45C7339-2273-4930-B0DF-CF96D84CE5A2}"
EndProject
Project("{2150E333-8FDC-42A3-9474-1A3956D46DE8}") = "CustomException", "CustomException", "{B53E973A-0B92-4087-BE7B-CC1257773444}"
EndProject
Project("{FAE04EC0-301F-11D3-BF4B-00C04F79EFBC}") = "CustomException", "CustomException\CustomException.csproj", "{B96C9BAD-68FB-4FB5-90C3-816A19E4FC6C}"
EndProject
Global
	GlobalSection(SolutionConfigurationPlatforms) = preSolution
		Debug|Any CPU = Debug|Any CPU
		Release|Any CPU = Release|Any CPU
	EndGlobalSection
	GlobalSection(ProjectConfigurationPlatforms) = postSolution
		{0C117446-6992-46B1-8036-B0DAA52EA175}.Debug|Any CPU.ActiveCfg = Debug|Any CPU
		{0C117446-6992-46B1-8036-B0DAA52EA175}.Debug|Any CPU.Build.0 = Debug|Any CPU
		{0C117446-6992-46B1-8036-B0DAA52EA175}.Release|Any CPU.ActiveCfg = Release|Any CPU
		{0C117446-6992-46B1-8036-B0DAA52EA175}.Release|Any CPU.Build.0 = Release|Any CPU
		{A45C7339-2273-4930-B0DF-CF96D84CE5A2}.Debug|Any CPU.ActiveCfg = Debug|Any CPU
		{A45C7339-2273-4930-B0DF-CF96D84CE5A2}.Debug|Any CPU.Build.0 = Debug|Any CPU
		{A45C7339-2273-4930-B0DF-CF96D84CE5A2}.Release|Any CPU.ActiveCfg = Release|Any CPU
		{A45C7339-2273-4930-B0DF-CF96D84CE5A2}.Release|Any CPU.Build.0 = Release|Any CPU
		{B96C9BAD-68FB-4FB5-90C3-816A19E4FC6C}.Debug|Any CPU.ActiveCfg = Debug|Any CPU
		{B96C9BAD-68FB-4FB5-90C3-816A19E4FC6C}.Debug|Any CPU.Build.0 = Debug|Any CPU
		{B96C9BAD-68FB-4FB5-90C3-816A19E4FC6C}.Release|Any CPU.ActiveCfg = Release|Any CPU
		{B96C9BAD-68FB-4FB5-90C3-816A19E4FC6C}.Release|Any CPU.Build.0 = Release|Any CPU
	EndGlobalSection
	GlobalSection(SolutionProperties) = preSolution
		HideSolutionNode = FALSE
	EndGlobalSection
	GlobalSection(NestedProjects) = preSolution
		{0C117446-6992-46B1-8036-B0DAA52EA175} = {7B8A5FB4-6CB3-40CC-B923-92863A157C89}
		{A45C7339-2273-4930-B0DF-CF96D84CE5A2} = {2A8FAC8E-425B-49E1-9083-E65F44D1400F}
		{B96C9BAD-68FB-4FB5-90C3-816A19E4FC6C} = {B53E973A-0B92-4087-BE7B-CC1257773444}
	EndGlobalSection
EndGlobal
