
Microsoft Visual Studio Solution File, Format Version 12.00
# Visual Studio 2013
VisualStudioVersion = 12.0.31101.0
MinimumVisualStudioVersion = 10.0.40219.1
Project("{FAE04EC0-301F-11D3-BF4B-00C04F79EFBC}") = "Cooking", "Cooking\Cooking.csproj", "{FA2675C3-1D30-4E38-93AD-D18069B2B8C1}"
EndProject
Project("{FAE04EC0-301F-11D3-BF4B-00C04F79EFBC}") = "RefactorIfStatements", "RefactorIfStatements\RefactorIfStatements.csproj", "{B20D1F6E-AE71-433A-A707-7E8BB079129B}"
EndProject
Project("{FAE04EC0-301F-11D3-BF4B-00C04F79EFBC}") = "RefactorForLoop", "RefactorForLoop\RefactorForLoop.csproj", "{B4D4F642-FEAB-4C40-BB0D-A0D530D1051C}"
EndProject
Project("{FAE04EC0-301F-11D3-BF4B-00C04F79EFBC}") = "Exam_Money", "Exam_Money\Exam_Money.csproj", "{8F19DFBC-6976-4F07-BE8E-B0ECFB31E365}"
EndProject
Project("{FAE04EC0-301F-11D3-BF4B-00C04F79EFBC}") = "Exam_EncodingSum", "Exam_EncodingSum\Exam_EncodingSum.csproj", "{7B2A93DE-7F14-451B-8481-8BDEE0203B47}"
EndProject
Project("{FAE04EC0-301F-11D3-BF4B-00C04F79EFBC}") = "Exam_Cube3D", "Exam_Cube3D\Exam_Cube3D.csproj", "{C6186024-EE2B-4880-B5E6-860984DE59AE}"
EndProject
Project("{FAE04EC0-301F-11D3-BF4B-00C04F79EFBC}") = "Exam_SequenceOfBits", "Exam_SequenceOfBits\Exam_SequenceOfBits.csproj", "{B955803E-8321-46E3-AB7F-31C5E115F7A5}"
EndProject
Project("{FAE04EC0-301F-11D3-BF4B-00C04F79EFBC}") = "Exam_Maslan", "Exam_Maslan\Exam_Maslan.csproj", "{A0B171B9-DE8D-4917-A815-93EC1F667FBD}"
EndProject
Global
	GlobalSection(SolutionConfigurationPlatforms) = preSolution
		Debug|Any CPU = Debug|Any CPU
		Release|Any CPU = Release|Any CPU
	EndGlobalSection
	GlobalSection(ProjectConfigurationPlatforms) = postSolution
		{FA2675C3-1D30-4E38-93AD-D18069B2B8C1}.Debug|Any CPU.ActiveCfg = Debug|Any CPU
		{FA2675C3-1D30-4E38-93AD-D18069B2B8C1}.Debug|Any CPU.Build.0 = Debug|Any CPU
		{FA2675C3-1D30-4E38-93AD-D18069B2B8C1}.Release|Any CPU.ActiveCfg = Release|Any CPU
		{FA2675C3-1D30-4E38-93AD-D18069B2B8C1}.Release|Any CPU.Build.0 = Release|Any CPU
		{B20D1F6E-AE71-433A-A707-7E8BB079129B}.Debug|Any CPU.ActiveCfg = Debug|Any CPU
		{B20D1F6E-AE71-433A-A707-7E8BB079129B}.Debug|Any CPU.Build.0 = Debug|Any CPU
		{B20D1F6E-AE71-433A-A707-7E8BB079129B}.Release|Any CPU.ActiveCfg = Release|Any CPU
		{B20D1F6E-AE71-433A-A707-7E8BB079129B}.Release|Any CPU.Build.0 = Release|Any CPU
		{B4D4F642-FEAB-4C40-BB0D-A0D530D1051C}.Debug|Any CPU.ActiveCfg = Debug|Any CPU
		{B4D4F642-FEAB-4C40-BB0D-A0D530D1051C}.Debug|Any CPU.Build.0 = Debug|Any CPU
		{B4D4F642-FEAB-4C40-BB0D-A0D530D1051C}.Release|Any CPU.ActiveCfg = Release|Any CPU
		{B4D4F642-FEAB-4C40-BB0D-A0D530D1051C}.Release|Any CPU.Build.0 = Release|Any CPU
		{8F19DFBC-6976-4F07-BE8E-B0ECFB31E365}.Debug|Any CPU.ActiveCfg = Debug|Any CPU
		{8F19DFBC-6976-4F07-BE8E-B0ECFB31E365}.Debug|Any CPU.Build.0 = Debug|Any CPU
		{8F19DFBC-6976-4F07-BE8E-B0ECFB31E365}.Release|Any CPU.ActiveCfg = Release|Any CPU
		{8F19DFBC-6976-4F07-BE8E-B0ECFB31E365}.Release|Any CPU.Build.0 = Release|Any CPU
		{7B2A93DE-7F14-451B-8481-8BDEE0203B47}.Debug|Any CPU.ActiveCfg = Debug|Any CPU
		{7B2A93DE-7F14-451B-8481-8BDEE0203B47}.Debug|Any CPU.Build.0 = Debug|Any CPU
		{7B2A93DE-7F14-451B-8481-8BDEE0203B47}.Release|Any CPU.ActiveCfg = Release|Any CPU
		{7B2A93DE-7F14-451B-8481-8BDEE0203B47}.Release|Any CPU.Build.0 = Release|Any CPU
		{C6186024-EE2B-4880-B5E6-860984DE59AE}.Debug|Any CPU.ActiveCfg = Debug|Any CPU
		{C6186024-EE2B-4880-B5E6-860984DE59AE}.Debug|Any CPU.Build.0 = Debug|Any CPU
		{C6186024-EE2B-4880-B5E6-860984DE59AE}.Release|Any CPU.ActiveCfg = Release|Any CPU
		{C6186024-EE2B-4880-B5E6-860984DE59AE}.Release|Any CPU.Build.0 = Release|Any CPU
		{B955803E-8321-46E3-AB7F-31C5E115F7A5}.Debug|Any CPU.ActiveCfg = Debug|Any CPU
		{B955803E-8321-46E3-AB7F-31C5E115F7A5}.Debug|Any CPU.Build.0 = Debug|Any CPU
		{B955803E-8321-46E3-AB7F-31C5E115F7A5}.Release|Any CPU.ActiveCfg = Release|Any CPU
		{B955803E-8321-46E3-AB7F-31C5E115F7A5}.Release|Any CPU.Build.0 = Release|Any CPU
		{A0B171B9-DE8D-4917-A815-93EC1F667FBD}.Debug|Any CPU.ActiveCfg = Debug|Any CPU
		{A0B171B9-DE8D-4917-A815-93EC1F667FBD}.Debug|Any CPU.Build.0 = Debug|Any CPU
		{A0B171B9-DE8D-4917-A815-93EC1F667FBD}.Release|Any CPU.ActiveCfg = Release|Any CPU
		{A0B171B9-DE8D-4917-A815-93EC1F667FBD}.Release|Any CPU.Build.0 = Release|Any CPU
	EndGlobalSection
	GlobalSection(SolutionProperties) = preSolution
		HideSolutionNode = FALSE
	EndGlobalSection
EndGlobal
