
Microsoft Visual Studio Solution File, Format Version 12.00
# Visual Studio 2013
VisualStudioVersion = 12.0.31101.0
MinimumVisualStudioVersion = 10.0.40219.1
Project("{FAE04EC0-301F-11D3-BF4B-00C04F79EFBC}") = "MathOperationsTest", "MathOperationsTest\MathOperationsTest.csproj", "{DB555637-E7EA-49DB-B172-A1BEAAD93516}"
EndProject
Project("{FAE04EC0-301F-11D3-BF4B-00C04F79EFBC}") = "MathFunctionsTest", "MathFunctionsTest\MathFunctionsTest.csproj", "{C749A05F-941E-4037-8400-F3E4FABD101C}"
EndProject
Project("{FAE04EC0-301F-11D3-BF4B-00C04F79EFBC}") = "SortingTester", "SortingTester\SortingTester.csproj", "{506B4197-A4BD-41B0-A61B-D10F95D379D3}"
EndProject
Global
	GlobalSection(SolutionConfigurationPlatforms) = preSolution
		Debug|Any CPU = Debug|Any CPU
		Release|Any CPU = Release|Any CPU
	EndGlobalSection
	GlobalSection(ProjectConfigurationPlatforms) = postSolution
		{DB555637-E7EA-49DB-B172-A1BEAAD93516}.Debug|Any CPU.ActiveCfg = Debug|Any CPU
		{DB555637-E7EA-49DB-B172-A1BEAAD93516}.Debug|Any CPU.Build.0 = Debug|Any CPU
		{DB555637-E7EA-49DB-B172-A1BEAAD93516}.Release|Any CPU.ActiveCfg = Release|Any CPU
		{DB555637-E7EA-49DB-B172-A1BEAAD93516}.Release|Any CPU.Build.0 = Release|Any CPU
		{C749A05F-941E-4037-8400-F3E4FABD101C}.Debug|Any CPU.ActiveCfg = Debug|Any CPU
		{C749A05F-941E-4037-8400-F3E4FABD101C}.Debug|Any CPU.Build.0 = Debug|Any CPU
		{C749A05F-941E-4037-8400-F3E4FABD101C}.Release|Any CPU.ActiveCfg = Release|Any CPU
		{C749A05F-941E-4037-8400-F3E4FABD101C}.Release|Any CPU.Build.0 = Release|Any CPU
		{506B4197-A4BD-41B0-A61B-D10F95D379D3}.Debug|Any CPU.ActiveCfg = Debug|Any CPU
		{506B4197-A4BD-41B0-A61B-D10F95D379D3}.Debug|Any CPU.Build.0 = Debug|Any CPU
		{506B4197-A4BD-41B0-A61B-D10F95D379D3}.Release|Any CPU.ActiveCfg = Release|Any CPU
		{506B4197-A4BD-41B0-A61B-D10F95D379D3}.Release|Any CPU.Build.0 = Release|Any CPU
	EndGlobalSection
	GlobalSection(SolutionProperties) = preSolution
		HideSolutionNode = FALSE
	EndGlobalSection
EndGlobal
