
Microsoft Visual Studio Solution File, Format Version 12.00
# Visual Studio 2013
VisualStudioVersion = 12.0.31101.0
MinimumVisualStudioVersion = 10.0.40219.1
Project("{FAE04EC0-301F-11D3-BF4B-00C04F79EFBC}") = "RunnersHome", "RunnersHome\RunnersHome.csproj", "{FB0BE633-D50F-4E34-856E-7C01AAD9A098}"
EndProject
Project("{FAE04EC0-301F-11D3-BF4B-00C04F79EFBC}") = "Lists", "Lists\Lists.csproj", "{885E85AE-84BD-4D81-902A-DE603216184B}"
EndProject
Project("{FAE04EC0-301F-11D3-BF4B-00C04F79EFBC}") = "DogeSocialNetwork", "DogeSocialNetwork\DogeSocialNetwork.csproj", "{763E4977-168F-42DC-9752-F58AA5A8C391}"
EndProject
Global
	GlobalSection(SolutionConfigurationPlatforms) = preSolution
		Debug|Any CPU = Debug|Any CPU
		Release|Any CPU = Release|Any CPU
	EndGlobalSection
	GlobalSection(ProjectConfigurationPlatforms) = postSolution
		{FB0BE633-D50F-4E34-856E-7C01AAD9A098}.Debug|Any CPU.ActiveCfg = Debug|Any CPU
		{FB0BE633-D50F-4E34-856E-7C01AAD9A098}.Debug|Any CPU.Build.0 = Debug|Any CPU
		{FB0BE633-D50F-4E34-856E-7C01AAD9A098}.Release|Any CPU.ActiveCfg = Release|Any CPU
		{FB0BE633-D50F-4E34-856E-7C01AAD9A098}.Release|Any CPU.Build.0 = Release|Any CPU
		{885E85AE-84BD-4D81-902A-DE603216184B}.Debug|Any CPU.ActiveCfg = Debug|Any CPU
		{885E85AE-84BD-4D81-902A-DE603216184B}.Debug|Any CPU.Build.0 = Debug|Any CPU
		{885E85AE-84BD-4D81-902A-DE603216184B}.Release|Any CPU.ActiveCfg = Release|Any CPU
		{885E85AE-84BD-4D81-902A-DE603216184B}.Release|Any CPU.Build.0 = Release|Any CPU
		{763E4977-168F-42DC-9752-F58AA5A8C391}.Debug|Any CPU.ActiveCfg = Debug|Any CPU
		{763E4977-168F-42DC-9752-F58AA5A8C391}.Debug|Any CPU.Build.0 = Debug|Any CPU
		{763E4977-168F-42DC-9752-F58AA5A8C391}.Release|Any CPU.ActiveCfg = Release|Any CPU
		{763E4977-168F-42DC-9752-F58AA5A8C391}.Release|Any CPU.Build.0 = Release|Any CPU
	EndGlobalSection
	GlobalSection(SolutionProperties) = preSolution
		HideSolutionNode = FALSE
	EndGlobalSection
EndGlobal
