
Microsoft Visual Studio Solution File, Format Version 12.00
# Visual Studio 2013
VisualStudioVersion = 12.0.21005.1
MinimumVisualStudioVersion = 10.0.40219.1
Project("{FAE04EC0-301F-11D3-BF4B-00C04F79EFBC}") = "SortingAndSearchingAlgorithms", "SortingAndSearchingAlgorithms\SortingAndSearchingAlgorithms.csproj", "{0CC05AF7-877F-423C-AACF-74E6F01FE143}"
EndProject
Project("{FAE04EC0-301F-11D3-BF4B-00C04F79EFBC}") = "Algorithms.Tests", "Algorithms.Tests\Algorithms.Tests.csproj", "{EFDC8DEF-A488-47AC-9FFD-F1BC92A5A076}"
EndProject
Global
	GlobalSection(SolutionConfigurationPlatforms) = preSolution
		Debug|Any CPU = Debug|Any CPU
		Release|Any CPU = Release|Any CPU
	EndGlobalSection
	GlobalSection(ProjectConfigurationPlatforms) = postSolution
		{0CC05AF7-877F-423C-AACF-74E6F01FE143}.Debug|Any CPU.ActiveCfg = Debug|Any CPU
		{0CC05AF7-877F-423C-AACF-74E6F01FE143}.Debug|Any CPU.Build.0 = Debug|Any CPU
		{0CC05AF7-877F-423C-AACF-74E6F01FE143}.Release|Any CPU.ActiveCfg = Release|Any CPU
		{0CC05AF7-877F-423C-AACF-74E6F01FE143}.Release|Any CPU.Build.0 = Release|Any CPU
		{EFDC8DEF-A488-47AC-9FFD-F1BC92A5A076}.Debug|Any CPU.ActiveCfg = Debug|Any CPU
		{EFDC8DEF-A488-47AC-9FFD-F1BC92A5A076}.Debug|Any CPU.Build.0 = Debug|Any CPU
		{EFDC8DEF-A488-47AC-9FFD-F1BC92A5A076}.Release|Any CPU.ActiveCfg = Release|Any CPU
		{EFDC8DEF-A488-47AC-9FFD-F1BC92A5A076}.Release|Any CPU.Build.0 = Release|Any CPU
	EndGlobalSection
	GlobalSection(SolutionProperties) = preSolution
		HideSolutionNode = FALSE
	EndGlobalSection
EndGlobal
