
Microsoft Visual Studio Solution File, Format Version 12.00
# Visual Studio 2013
VisualStudioVersion = 12.0.31101.0
MinimumVisualStudioVersion = 10.0.40219.1
Project("{FAE04EC0-301F-11D3-BF4B-00C04F79EFBC}") = "SumAndAverage", "SumAndAverage\SumAndAverage.csproj", "{7A472430-EE6D-43A8-8AE6-AD31E6E476D2}"
EndProject
Project("{FAE04EC0-301F-11D3-BF4B-00C04F79EFBC}") = "Common", "Common\Common.csproj", "{88E3D38A-8A8A-47CD-B651-9A938AD8CEB4}"
EndProject
Project("{FAE04EC0-301F-11D3-BF4B-00C04F79EFBC}") = "ReverseNumbers", "ReverseNumbers\ReverseNumbers.csproj", "{A782CD1E-8E77-4B9C-91BE-4DDC200CF0B9}"
EndProject
Project("{FAE04EC0-301F-11D3-BF4B-00C04F79EFBC}") = "SortNumbers", "SortNumbers\SortNumbers.csproj", "{E13836B3-5B04-4D01-8908-35A9F5360C76}"
EndProject
Project("{FAE04EC0-301F-11D3-BF4B-00C04F79EFBC}") = "LongestEqualSequence", "LongestEqualSequence\LongestEqualSequence.csproj", "{8B3FC9E0-2C5D-47D3-8746-EB0420465ED5}"
EndProject
Project("{FAE04EC0-301F-11D3-BF4B-00C04F79EFBC}") = "RemoveNegativeNumbers", "RemoveNegativeNumbers\RemoveNegativeNumbers.csproj", "{1D1DD674-2C73-484D-906E-FDA7AF1A33F8}"
EndProject
Project("{FAE04EC0-301F-11D3-BF4B-00C04F79EFBC}") = "RemoveOddOccurences", "RemoveOddOccurences\RemoveOddOccurences.csproj", "{6AC76D5F-F1AC-4FCA-9B88-0BF759ABFEF3}"
EndProject
Project("{FAE04EC0-301F-11D3-BF4B-00C04F79EFBC}") = "CountOccurences", "CountOccurences\CountOccurences.csproj", "{8E644862-74A2-42CC-8D2B-8B670F4F7C51}"
EndProject
Project("{FAE04EC0-301F-11D3-BF4B-00C04F79EFBC}") = "FindMajorant", "FindMajorant\FindMajorant.csproj", "{F3E1FCE1-32CF-4CE1-B14D-05E8942F49E1}"
EndProject
Project("{FAE04EC0-301F-11D3-BF4B-00C04F79EFBC}") = "QueueSequence", "QueueSequence\QueueSequence.csproj", "{0A744954-7649-4AC4-A2B5-6A2933D29214}"
EndProject
Project("{FAE04EC0-301F-11D3-BF4B-00C04F79EFBC}") = "ShortestOperationSequence", "ShortestOperationSequence\ShortestOperationSequence.csproj", "{45D7E720-8DE2-4495-974D-9A85453132D1}"
EndProject
Project("{FAE04EC0-301F-11D3-BF4B-00C04F79EFBC}") = "LinkedList", "LinkedList\LinkedList.csproj", "{058574F3-0A07-4C8E-9949-614036D5D0E5}"
EndProject
Project("{FAE04EC0-301F-11D3-BF4B-00C04F79EFBC}") = "Stack", "Stack\Stack.csproj", "{4864B0DE-9916-4AD5-A68A-1E6C2CB7892F}"
EndProject
Project("{FAE04EC0-301F-11D3-BF4B-00C04F79EFBC}") = "Queue", "Queue\Queue.csproj", "{7291983D-95B4-4A45-A7AA-CD2D750939E3}"
EndProject
Project("{FAE04EC0-301F-11D3-BF4B-00C04F79EFBC}") = "MinimalDistanceMaze", "MinimalDistanceMaze\MinimalDistanceMaze.csproj", "{0CDBCE3C-2DF4-45D9-8BF6-5F899532DE23}"
EndProject
Global
	GlobalSection(SolutionConfigurationPlatforms) = preSolution
		Debug|Any CPU = Debug|Any CPU
		Release|Any CPU = Release|Any CPU
	EndGlobalSection
	GlobalSection(ProjectConfigurationPlatforms) = postSolution
		{7A472430-EE6D-43A8-8AE6-AD31E6E476D2}.Debug|Any CPU.ActiveCfg = Debug|Any CPU
		{7A472430-EE6D-43A8-8AE6-AD31E6E476D2}.Debug|Any CPU.Build.0 = Debug|Any CPU
		{7A472430-EE6D-43A8-8AE6-AD31E6E476D2}.Release|Any CPU.ActiveCfg = Release|Any CPU
		{7A472430-EE6D-43A8-8AE6-AD31E6E476D2}.Release|Any CPU.Build.0 = Release|Any CPU
		{88E3D38A-8A8A-47CD-B651-9A938AD8CEB4}.Debug|Any CPU.ActiveCfg = Debug|Any CPU
		{88E3D38A-8A8A-47CD-B651-9A938AD8CEB4}.Debug|Any CPU.Build.0 = Debug|Any CPU
		{88E3D38A-8A8A-47CD-B651-9A938AD8CEB4}.Release|Any CPU.ActiveCfg = Release|Any CPU
		{88E3D38A-8A8A-47CD-B651-9A938AD8CEB4}.Release|Any CPU.Build.0 = Release|Any CPU
		{A782CD1E-8E77-4B9C-91BE-4DDC200CF0B9}.Debug|Any CPU.ActiveCfg = Debug|Any CPU
		{A782CD1E-8E77-4B9C-91BE-4DDC200CF0B9}.Debug|Any CPU.Build.0 = Debug|Any CPU
		{A782CD1E-8E77-4B9C-91BE-4DDC200CF0B9}.Release|Any CPU.ActiveCfg = Release|Any CPU
		{A782CD1E-8E77-4B9C-91BE-4DDC200CF0B9}.Release|Any CPU.Build.0 = Release|Any CPU
		{E13836B3-5B04-4D01-8908-35A9F5360C76}.Debug|Any CPU.ActiveCfg = Debug|Any CPU
		{E13836B3-5B04-4D01-8908-35A9F5360C76}.Debug|Any CPU.Build.0 = Debug|Any CPU
		{E13836B3-5B04-4D01-8908-35A9F5360C76}.Release|Any CPU.ActiveCfg = Release|Any CPU
		{E13836B3-5B04-4D01-8908-35A9F5360C76}.Release|Any CPU.Build.0 = Release|Any CPU
		{8B3FC9E0-2C5D-47D3-8746-EB0420465ED5}.Debug|Any CPU.ActiveCfg = Debug|Any CPU
		{8B3FC9E0-2C5D-47D3-8746-EB0420465ED5}.Debug|Any CPU.Build.0 = Debug|Any CPU
		{8B3FC9E0-2C5D-47D3-8746-EB0420465ED5}.Release|Any CPU.ActiveCfg = Release|Any CPU
		{8B3FC9E0-2C5D-47D3-8746-EB0420465ED5}.Release|Any CPU.Build.0 = Release|Any CPU
		{1D1DD674-2C73-484D-906E-FDA7AF1A33F8}.Debug|Any CPU.ActiveCfg = Debug|Any CPU
		{1D1DD674-2C73-484D-906E-FDA7AF1A33F8}.Debug|Any CPU.Build.0 = Debug|Any CPU
		{1D1DD674-2C73-484D-906E-FDA7AF1A33F8}.Release|Any CPU.ActiveCfg = Release|Any CPU
		{1D1DD674-2C73-484D-906E-FDA7AF1A33F8}.Release|Any CPU.Build.0 = Release|Any CPU
		{6AC76D5F-F1AC-4FCA-9B88-0BF759ABFEF3}.Debug|Any CPU.ActiveCfg = Debug|Any CPU
		{6AC76D5F-F1AC-4FCA-9B88-0BF759ABFEF3}.Debug|Any CPU.Build.0 = Debug|Any CPU
		{6AC76D5F-F1AC-4FCA-9B88-0BF759ABFEF3}.Release|Any CPU.ActiveCfg = Release|Any CPU
		{6AC76D5F-F1AC-4FCA-9B88-0BF759ABFEF3}.Release|Any CPU.Build.0 = Release|Any CPU
		{8E644862-74A2-42CC-8D2B-8B670F4F7C51}.Debug|Any CPU.ActiveCfg = Debug|Any CPU
		{8E644862-74A2-42CC-8D2B-8B670F4F7C51}.Debug|Any CPU.Build.0 = Debug|Any CPU
		{8E644862-74A2-42CC-8D2B-8B670F4F7C51}.Release|Any CPU.ActiveCfg = Release|Any CPU
		{8E644862-74A2-42CC-8D2B-8B670F4F7C51}.Release|Any CPU.Build.0 = Release|Any CPU
		{F3E1FCE1-32CF-4CE1-B14D-05E8942F49E1}.Debug|Any CPU.ActiveCfg = Debug|Any CPU
		{F3E1FCE1-32CF-4CE1-B14D-05E8942F49E1}.Debug|Any CPU.Build.0 = Debug|Any CPU
		{F3E1FCE1-32CF-4CE1-B14D-05E8942F49E1}.Release|Any CPU.ActiveCfg = Release|Any CPU
		{F3E1FCE1-32CF-4CE1-B14D-05E8942F49E1}.Release|Any CPU.Build.0 = Release|Any CPU
		{0A744954-7649-4AC4-A2B5-6A2933D29214}.Debug|Any CPU.ActiveCfg = Debug|Any CPU
		{0A744954-7649-4AC4-A2B5-6A2933D29214}.Debug|Any CPU.Build.0 = Debug|Any CPU
		{0A744954-7649-4AC4-A2B5-6A2933D29214}.Release|Any CPU.ActiveCfg = Release|Any CPU
		{0A744954-7649-4AC4-A2B5-6A2933D29214}.Release|Any CPU.Build.0 = Release|Any CPU
		{45D7E720-8DE2-4495-974D-9A85453132D1}.Debug|Any CPU.ActiveCfg = Debug|Any CPU
		{45D7E720-8DE2-4495-974D-9A85453132D1}.Debug|Any CPU.Build.0 = Debug|Any CPU
		{45D7E720-8DE2-4495-974D-9A85453132D1}.Release|Any CPU.ActiveCfg = Release|Any CPU
		{45D7E720-8DE2-4495-974D-9A85453132D1}.Release|Any CPU.Build.0 = Release|Any CPU
		{058574F3-0A07-4C8E-9949-614036D5D0E5}.Debug|Any CPU.ActiveCfg = Debug|Any CPU
		{058574F3-0A07-4C8E-9949-614036D5D0E5}.Debug|Any CPU.Build.0 = Debug|Any CPU
		{058574F3-0A07-4C8E-9949-614036D5D0E5}.Release|Any CPU.ActiveCfg = Release|Any CPU
		{058574F3-0A07-4C8E-9949-614036D5D0E5}.Release|Any CPU.Build.0 = Release|Any CPU
		{4864B0DE-9916-4AD5-A68A-1E6C2CB7892F}.Debug|Any CPU.ActiveCfg = Debug|Any CPU
		{4864B0DE-9916-4AD5-A68A-1E6C2CB7892F}.Debug|Any CPU.Build.0 = Debug|Any CPU
		{4864B0DE-9916-4AD5-A68A-1E6C2CB7892F}.Release|Any CPU.ActiveCfg = Release|Any CPU
		{4864B0DE-9916-4AD5-A68A-1E6C2CB7892F}.Release|Any CPU.Build.0 = Release|Any CPU
		{7291983D-95B4-4A45-A7AA-CD2D750939E3}.Debug|Any CPU.ActiveCfg = Debug|Any CPU
		{7291983D-95B4-4A45-A7AA-CD2D750939E3}.Debug|Any CPU.Build.0 = Debug|Any CPU
		{7291983D-95B4-4A45-A7AA-CD2D750939E3}.Release|Any CPU.ActiveCfg = Release|Any CPU
		{7291983D-95B4-4A45-A7AA-CD2D750939E3}.Release|Any CPU.Build.0 = Release|Any CPU
		{0CDBCE3C-2DF4-45D9-8BF6-5F899532DE23}.Debug|Any CPU.ActiveCfg = Debug|Any CPU
		{0CDBCE3C-2DF4-45D9-8BF6-5F899532DE23}.Debug|Any CPU.Build.0 = Debug|Any CPU
		{0CDBCE3C-2DF4-45D9-8BF6-5F899532DE23}.Release|Any CPU.ActiveCfg = Release|Any CPU
		{0CDBCE3C-2DF4-45D9-8BF6-5F899532DE23}.Release|Any CPU.Build.0 = Release|Any CPU
	EndGlobalSection
	GlobalSection(SolutionProperties) = preSolution
		HideSolutionNode = FALSE
	EndGlobalSection
EndGlobal
