
Microsoft Visual Studio Solution File, Format Version 12.00
# Visual Studio 2013
VisualStudioVersion = 12.0.21005.1
MinimumVisualStudioVersion = 10.0.40219.1
Project("{FAE04EC0-301F-11D3-BF4B-00C04F79EFBC}") = "BinaryPasswords", "BinaryPasswords\BinaryPasswords.csproj", "{A87E0404-42AF-4844-BD96-5349CC89EA4D}"
EndProject
Project("{FAE04EC0-301F-11D3-BF4B-00C04F79EFBC}") = "Bunnies", "Bunnies\Bunnies.csproj", "{16679E33-D2D0-4D11-AE75-2778A0DD7F3A}"
EndProject
Project("{FAE04EC0-301F-11D3-BF4B-00C04F79EFBC}") = "Divisors", "Divisors\Divisors.csproj", "{76EADE73-6A68-41DA-BBC7-A9F330E42E4E}"
EndProject
Project("{FAE04EC0-301F-11D3-BF4B-00C04F79EFBC}") = "Balls", "Balls\Balls.csproj", "{176C4C1A-21D8-4517-8CAD-7C5839A671EB}"
EndProject
Global
	GlobalSection(SolutionConfigurationPlatforms) = preSolution
		Debug|Any CPU = Debug|Any CPU
		Release|Any CPU = Release|Any CPU
	EndGlobalSection
	GlobalSection(ProjectConfigurationPlatforms) = postSolution
		{A87E0404-42AF-4844-BD96-5349CC89EA4D}.Debug|Any CPU.ActiveCfg = Debug|Any CPU
		{A87E0404-42AF-4844-BD96-5349CC89EA4D}.Debug|Any CPU.Build.0 = Debug|Any CPU
		{A87E0404-42AF-4844-BD96-5349CC89EA4D}.Release|Any CPU.ActiveCfg = Release|Any CPU
		{A87E0404-42AF-4844-BD96-5349CC89EA4D}.Release|Any CPU.Build.0 = Release|Any CPU
		{16679E33-D2D0-4D11-AE75-2778A0DD7F3A}.Debug|Any CPU.ActiveCfg = Debug|Any CPU
		{16679E33-D2D0-4D11-AE75-2778A0DD7F3A}.Debug|Any CPU.Build.0 = Debug|Any CPU
		{16679E33-D2D0-4D11-AE75-2778A0DD7F3A}.Release|Any CPU.ActiveCfg = Release|Any CPU
		{16679E33-D2D0-4D11-AE75-2778A0DD7F3A}.Release|Any CPU.Build.0 = Release|Any CPU
		{76EADE73-6A68-41DA-BBC7-A9F330E42E4E}.Debug|Any CPU.ActiveCfg = Debug|Any CPU
		{76EADE73-6A68-41DA-BBC7-A9F330E42E4E}.Debug|Any CPU.Build.0 = Debug|Any CPU
		{76EADE73-6A68-41DA-BBC7-A9F330E42E4E}.Release|Any CPU.ActiveCfg = Release|Any CPU
		{76EADE73-6A68-41DA-BBC7-A9F330E42E4E}.Release|Any CPU.Build.0 = Release|Any CPU
		{176C4C1A-21D8-4517-8CAD-7C5839A671EB}.Debug|Any CPU.ActiveCfg = Debug|Any CPU
		{176C4C1A-21D8-4517-8CAD-7C5839A671EB}.Debug|Any CPU.Build.0 = Debug|Any CPU
		{176C4C1A-21D8-4517-8CAD-7C5839A671EB}.Release|Any CPU.ActiveCfg = Release|Any CPU
		{176C4C1A-21D8-4517-8CAD-7C5839A671EB}.Release|Any CPU.Build.0 = Release|Any CPU
	EndGlobalSection
	GlobalSection(SolutionProperties) = preSolution
		HideSolutionNode = FALSE
	EndGlobalSection
EndGlobal
