
Microsoft Visual Studio Solution File, Format Version 12.00
# Visual Studio 2013
VisualStudioVersion = 12.0.31101.0
MinimumVisualStudioVersion = 10.0.40219.1
Project("{FAE04EC0-301F-11D3-BF4B-00C04F79EFBC}") = "Minesweeper", "Minesweeper\Minesweeper.csproj", "{F7100A74-9E43-4A3A-A822-E0547C0154D4}"
EndProject
Project("{FAE04EC0-301F-11D3-BF4B-00C04F79EFBC}") = "VariablePrinter", "VariablePrinter\VariablePrinter.csproj", "{A1852176-0110-4470-B670-2C16A6844D61}"
EndProject
Project("{FAE04EC0-301F-11D3-BF4B-00C04F79EFBC}") = "People", "People\People.csproj", "{EF663EE3-AD86-4293-903D-0AFD6872A14B}"
EndProject
Project("{FAE04EC0-301F-11D3-BF4B-00C04F79EFBC}") = "BrowserIsMozilla", "BrowserIsMozilla\BrowserIsMozilla.csproj", "{580CF1F6-08D9-46A2-A343-BDAF7671596B}"
EndProject
Global
	GlobalSection(SolutionConfigurationPlatforms) = preSolution
		Debug|Any CPU = Debug|Any CPU
		Release|Any CPU = Release|Any CPU
	EndGlobalSection
	GlobalSection(ProjectConfigurationPlatforms) = postSolution
		{F7100A74-9E43-4A3A-A822-E0547C0154D4}.Debug|Any CPU.ActiveCfg = Debug|Any CPU
		{F7100A74-9E43-4A3A-A822-E0547C0154D4}.Debug|Any CPU.Build.0 = Debug|Any CPU
		{F7100A74-9E43-4A3A-A822-E0547C0154D4}.Release|Any CPU.ActiveCfg = Release|Any CPU
		{F7100A74-9E43-4A3A-A822-E0547C0154D4}.Release|Any CPU.Build.0 = Release|Any CPU
		{A1852176-0110-4470-B670-2C16A6844D61}.Debug|Any CPU.ActiveCfg = Debug|Any CPU
		{A1852176-0110-4470-B670-2C16A6844D61}.Debug|Any CPU.Build.0 = Debug|Any CPU
		{A1852176-0110-4470-B670-2C16A6844D61}.Release|Any CPU.ActiveCfg = Release|Any CPU
		{A1852176-0110-4470-B670-2C16A6844D61}.Release|Any CPU.Build.0 = Release|Any CPU
		{EF663EE3-AD86-4293-903D-0AFD6872A14B}.Debug|Any CPU.ActiveCfg = Debug|Any CPU
		{EF663EE3-AD86-4293-903D-0AFD6872A14B}.Debug|Any CPU.Build.0 = Debug|Any CPU
		{EF663EE3-AD86-4293-903D-0AFD6872A14B}.Release|Any CPU.ActiveCfg = Release|Any CPU
		{EF663EE3-AD86-4293-903D-0AFD6872A14B}.Release|Any CPU.Build.0 = Release|Any CPU
		{580CF1F6-08D9-46A2-A343-BDAF7671596B}.Debug|Any CPU.ActiveCfg = Debug|Any CPU
		{580CF1F6-08D9-46A2-A343-BDAF7671596B}.Debug|Any CPU.Build.0 = Debug|Any CPU
		{580CF1F6-08D9-46A2-A343-BDAF7671596B}.Release|Any CPU.ActiveCfg = Release|Any CPU
		{580CF1F6-08D9-46A2-A343-BDAF7671596B}.Release|Any CPU.Build.0 = Release|Any CPU
	EndGlobalSection
	GlobalSection(SolutionProperties) = preSolution
		HideSolutionNode = FALSE
	EndGlobalSection
EndGlobal
